// !$*UTF8*$!
{
	archiveVersion = 1;
	classes = {
	};
	objectVersion = 56;
	objects = {

/* Begin PBXBuildFile section */
		9682088E2A2FBAAA007783AC /* GildedRoseApp.swift in Sources */ = {isa = PBXBuildFile; fileRef = 9682088D2A2FBAAA007783AC /* GildedRoseApp.swift */; };
		968208902A2FBAAA007783AC /* ContentView.swift in Sources */ = {isa = PBXBuildFile; fileRef = 9682088F2A2FBAAA007783AC /* ContentView.swift */; };
		968208922A2FBAAC007783AC /* Assets.xcassets in Resources */ = {isa = PBXBuildFile; fileRef = 968208912A2FBAAC007783AC /* Assets.xcassets */; };
		968208962A2FBAAC007783AC /* Preview Assets.xcassets in Resources */ = {isa = PBXBuildFile; fileRef = 968208952A2FBAAC007783AC /* Preview Assets.xcassets */; };
		968208A02A2FBAAC007783AC /* GildedRoseTests.swift in Sources */ = {isa = PBXBuildFile; fileRef = 9682089F2A2FBAAC007783AC /* GildedRoseTests.swift */; };
		968208AA2A2FBAAC007783AC /* GildedRoseUITests.swift in Sources */ = {isa = PBXBuildFile; fileRef = 968208A92A2FBAAC007783AC /* GildedRoseUITests.swift */; };
		968208AC2A2FBAAC007783AC /* GildedRoseUITestsLaunchTests.swift in Sources */ = {isa = PBXBuildFile; fileRef = 968208AB2A2FBAAC007783AC /* GildedRoseUITestsLaunchTests.swift */; };
/* End PBXBuildFile section */

/* Begin PBXContainerItemProxy section */
		9682089C2A2FBAAC007783AC /* PBXContainerItemProxy */ = {
			isa = PBXContainerItemProxy;
			containerPortal = 968208822A2FBAAA007783AC /* Project object */;
			proxyType = 1;
			remoteGlobalIDString = 968208892A2FBAAA007783AC;
			remoteInfo = GildedRose;
		};
		968208A62A2FBAAC007783AC /* PBXContainerItemProxy */ = {
			isa = PBXContainerItemProxy;
			containerPortal = 968208822A2FBAAA007783AC /* Project object */;
			proxyType = 1;
			remoteGlobalIDString = 968208892A2FBAAA007783AC;
			remoteInfo = GildedRose;
		};
/* End PBXContainerItemProxy section */

/* Begin PBXFileReference section */
		9682088A2A2FBAAA007783AC /* GildedRose.app */ = {isa = PBXFileReference; explicitFileType = wrapper.application; includeInIndex = 0; path = GildedRose.app; sourceTree = BUILT_PRODUCTS_DIR; };
		9682088D2A2FBAAA007783AC /* GildedRoseApp.swift */ = {isa = PBXFileReference; lastKnownFileType = sourcecode.swift; path = GildedRoseApp.swift; sourceTree = "<group>"; };
		9682088F2A2FBAAA007783AC /* ContentView.swift */ = {isa = PBXFileReference; lastKnownFileType = sourcecode.swift; path = ContentView.swift; sourceTree = "<group>"; };
		968208912A2FBAAC007783AC /* Assets.xcassets */ = {isa = PBXFileReference; lastKnownFileType = folder.assetcatalog; path = Assets.xcassets; sourceTree = "<group>"; };
		968208932A2FBAAC007783AC /* GildedRose.entitlements */ = {isa = PBXFileReference; lastKnownFileType = text.plist.entitlements; path = GildedRose.entitlements; sourceTree = "<group>"; };
		968208952A2FBAAC007783AC /* Preview Assets.xcassets */ = {isa = PBXFileReference; lastKnownFileType = folder.assetcatalog; path = "Preview Assets.xcassets"; sourceTree = "<group>"; };
		9682089B2A2FBAAC007783AC /* GildedRoseTests.xctest */ = {isa = PBXFileReference; explicitFileType = wrapper.cfbundle; includeInIndex = 0; path = GildedRoseTests.xctest; sourceTree = BUILT_PRODUCTS_DIR; };
		9682089F2A2FBAAC007783AC /* GildedRoseTests.swift */ = {isa = PBXFileReference; lastKnownFileType = sourcecode.swift; path = GildedRoseTests.swift; sourceTree = "<group>"; };
		968208A52A2FBAAC007783AC /* GildedRoseUITests.xctest */ = {isa = PBXFileReference; explicitFileType = wrapper.cfbundle; includeInIndex = 0; path = GildedRoseUITests.xctest; sourceTree = BUILT_PRODUCTS_DIR; };
		968208A92A2FBAAC007783AC /* GildedRoseUITests.swift */ = {isa = PBXFileReference; lastKnownFileType = sourcecode.swift; path = GildedRoseUITests.swift; sourceTree = "<group>"; };
		968208AB2A2FBAAC007783AC /* GildedRoseUITestsLaunchTests.swift */ = {isa = PBXFileReference; lastKnownFileType = sourcecode.swift; path = GildedRoseUITestsLaunchTests.swift; sourceTree = "<group>"; };
/* End PBXFileReference section */

/* Begin PBXFrameworksBuildPhase section */
		968208872A2FBAAA007783AC /* Frameworks */ = {
			isa = PBXFrameworksBuildPhase;
			buildActionMask = 2147483647;
			files = (
			);
			runOnlyForDeploymentPostprocessing = 0;
		};
		968208982A2FBAAC007783AC /* Frameworks */ = {
			isa = PBXFrameworksBuildPhase;
			buildActionMask = 2147483647;
			files = (
			);
			runOnlyForDeploymentPostprocessing = 0;
		};
		968208A22A2FBAAC007783AC /* Frameworks */ = {
			isa = PBXFrameworksBuildPhase;
			buildActionMask = 2147483647;
			files = (
			);
			runOnlyForDeploymentPostprocessing = 0;
		};
/* End PBXFrameworksBuildPhase section */

/* Begin PBXGroup section */
		968208812A2FBAAA007783AC = {
			isa = PBXGroup;
			children = (
				9682088C2A2FBAAA007783AC /* GildedRose */,
				9682089E2A2FBAAC007783AC /* GildedRoseTests */,
				968208A82A2FBAAC007783AC /* GildedRoseUITests */,
				9682088B2A2FBAAA007783AC /* Products */,
			);
			sourceTree = "<group>";
		};
		9682088B2A2FBAAA007783AC /* Products */ = {
			isa = PBXGroup;
			children = (
				9682088A2A2FBAAA007783AC /* GildedRose.app */,
				9682089B2A2FBAAC007783AC /* GildedRoseTests.xctest */,
				968208A52A2FBAAC007783AC /* GildedRoseUITests.xctest */,
			);
			name = Products;
			sourceTree = "<group>";
		};
		9682088C2A2FBAAA007783AC /* GildedRose */ = {
			isa = PBXGroup;
			children = (
				9682088D2A2FBAAA007783AC /* GildedRoseApp.swift */,
				9682088F2A2FBAAA007783AC /* ContentView.swift */,
				968208912A2FBAAC007783AC /* Assets.xcassets */,
				968208932A2FBAAC007783AC /* GildedRose.entitlements */,
				968208942A2FBAAC007783AC /* Preview Content */,
			);
			path = GildedRose;
			sourceTree = "<group>";
		};
		968208942A2FBAAC007783AC /* Preview Content */ = {
			isa = PBXGroup;
			children = (
				968208952A2FBAAC007783AC /* Preview Assets.xcassets */,
			);
			path = "Preview Content";
			sourceTree = "<group>";
		};
		9682089E2A2FBAAC007783AC /* GildedRoseTests */ = {
			isa = PBXGroup;
			children = (
				9682089F2A2FBAAC007783AC /* GildedRoseTests.swift */,
			);
			path = GildedRoseTests;
			sourceTree = "<group>";
		};
		968208A82A2FBAAC007783AC /* GildedRoseUITests */ = {
			isa = PBXGroup;
			children = (
				968208A92A2FBAAC007783AC /* GildedRoseUITests.swift */,
				968208AB2A2FBAAC007783AC /* GildedRoseUITestsLaunchTests.swift */,
			);
			path = GildedRoseUITests;
			sourceTree = "<group>";
		};
/* End PBXGroup section */

/* Begin PBXNativeTarget section */
		968208892A2FBAAA007783AC /* GildedRose */ = {
			isa = PBXNativeTarget;
			buildConfigurationList = 968208AF2A2FBAAC007783AC /* Build configuration list for PBXNativeTarget "GildedRose" */;
			buildPhases = (
				968208862A2FBAAA007783AC /* Sources */,
				968208872A2FBAAA007783AC /* Frameworks */,
				968208882A2FBAAA007783AC /* Resources */,
			);
			buildRules = (
			);
			dependencies = (
			);
			name = GildedRose;
			productName = GildedRose;
			productReference = 9682088A2A2FBAAA007783AC /* GildedRose.app */;
			productType = "com.apple.product-type.application";
		};
		9682089A2A2FBAAC007783AC /* GildedRoseTests */ = {
			isa = PBXNativeTarget;
			buildConfigurationList = 968208B22A2FBAAC007783AC /* Build configuration list for PBXNativeTarget "GildedRoseTests" */;
			buildPhases = (
				968208972A2FBAAC007783AC /* Sources */,
				968208982A2FBAAC007783AC /* Frameworks */,
				968208992A2FBAAC007783AC /* Resources */,
			);
			buildRules = (
			);
			dependencies = (
				9682089D2A2FBAAC007783AC /* PBXTargetDependency */,
			);
			name = GildedRoseTests;
			productName = GildedRoseTests;
			productReference = 9682089B2A2FBAAC007783AC /* GildedRoseTests.xctest */;
			productType = "com.apple.product-type.bundle.unit-test";
		};
		968208A42A2FBAAC007783AC /* GildedRoseUITests */ = {
			isa = PBXNativeTarget;
			buildConfigurationList = 968208B52A2FBAAC007783AC /* Build configuration list for PBXNativeTarget "GildedRoseUITests" */;
			buildPhases = (
				968208A12A2FBAAC007783AC /* Sources */,
				968208A22A2FBAAC007783AC /* Frameworks */,
				968208A32A2FBAAC007783AC /* Resources */,
			);
			buildRules = (
			);
			dependencies = (
				968208A72A2FBAAC007783AC /* PBXTargetDependency */,
			);
			name = GildedRoseUITests;
			productName = GildedRoseUITests;
			productReference = 968208A52A2FBAAC007783AC /* GildedRoseUITests.xctest */;
			productType = "com.apple.product-type.bundle.ui-testing";
		};
/* End PBXNativeTarget section */

/* Begin PBXProject section */
		968208822A2FBAAA007783AC /* Project object */ = {
			isa = PBXProject;
			attributes = {
				BuildIndependentTargetsInParallel = 1;
				LastSwiftUpdateCheck = 1430;
				LastUpgradeCheck = 1430;
				TargetAttributes = {
					968208892A2FBAAA007783AC = {
						CreatedOnToolsVersion = 14.3.1;
					};
					9682089A2A2FBAAC007783AC = {
						CreatedOnToolsVersion = 14.3.1;
						TestTargetID = 968208892A2FBAAA007783AC;
					};
					968208A42A2FBAAC007783AC = {
						CreatedOnToolsVersion = 14.3.1;
						TestTargetID = 968208892A2FBAAA007783AC;
					};
				};
			};
			buildConfigurationList = 968208852A2FBAAA007783AC /* Build configuration list for PBXProject "GildedRose" */;
			compatibilityVersion = "Xcode 14.0";
			developmentRegion = en;
			hasScannedForEncodings = 0;
			knownRegions = (
				en,
				Base,
			);
			mainGroup = 968208812A2FBAAA007783AC;
			productRefGroup = 9682088B2A2FBAAA007783AC /* Products */;
			projectDirPath = "";
			projectRoot = "";
			targets = (
				968208892A2FBAAA007783AC /* GildedRose */,
				9682089A2A2FBAAC007783AC /* GildedRoseTests */,
				968208A42A2FBAAC007783AC /* GildedRoseUITests */,
			);
		};
/* End PBXProject section */

/* Begin PBXResourcesBuildPhase section */
		968208882A2FBAAA007783AC /* Resources */ = {
			isa = PBXResourcesBuildPhase;
			buildActionMask = 2147483647;
			files = (
				968208962A2FBAAC007783AC /* Preview Assets.xcassets in Resources */,
				968208922A2FBAAC007783AC /* Assets.xcassets in Resources */,
			);
			runOnlyForDeploymentPostprocessing = 0;
		};
		968208992A2FBAAC007783AC /* Resources */ = {
			isa = PBXResourcesBuildPhase;
			buildActionMask = 2147483647;
			files = (
			);
			runOnlyForDeploymentPostprocessing = 0;
		};
		968208A32A2FBAAC007783AC /* Resources */ = {
			isa = PBXResourcesBuildPhase;
			buildActionMask = 2147483647;
			files = (
			);
			runOnlyForDeploymentPostprocessing = 0;
		};
/* End PBXResourcesBuildPhase section */

/* Begin PBXSourcesBuildPhase section */
		968208862A2FBAAA007783AC /* Sources */ = {
			isa = PBXSourcesBuildPhase;
			buildActionMask = 2147483647;
			files = (
				968208902A2FBAAA007783AC /* ContentView.swift in Sources */,
				9682088E2A2FBAAA007783AC /* GildedRoseApp.swift in Sources */,
			);
			runOnlyForDeploymentPostprocessing = 0;
		};
		968208972A2FBAAC007783AC /* Sources */ = {
			isa = PBXSourcesBuildPhase;
			buildActionMask = 2147483647;
			files = (
				968208A02A2FBAAC007783AC /* GildedRoseTests.swift in Sources */,
			);
			runOnlyForDeploymentPostprocessing = 0;
		};
		968208A12A2FBAAC007783AC /* Sources */ = {
			isa = PBXSourcesBuildPhase;
			buildActionMask = 2147483647;
			files = (
				968208AC2A2FBAAC007783AC /* GildedRoseUITestsLaunchTests.swift in Sources */,
				968208AA2A2FBAAC007783AC /* GildedRoseUITests.swift in Sources */,
			);
			runOnlyForDeploymentPostprocessing = 0;
		};
/* End PBXSourcesBuildPhase section */

/* Begin PBXTargetDependency section */
		9682089D2A2FBAAC007783AC /* PBXTargetDependency */ = {
			isa = PBXTargetDependency;
			target = 968208892A2FBAAA007783AC /* GildedRose */;
			targetProxy = 9682089C2A2FBAAC007783AC /* PBXContainerItemProxy */;
		};
		968208A72A2FBAAC007783AC /* PBXTargetDependency */ = {
			isa = PBXTargetDependency;
			target = 968208892A2FBAAA007783AC /* GildedRose */;
			targetProxy = 968208A62A2FBAAC007783AC /* PBXContainerItemProxy */;
		};
/* End PBXTargetDependency section */

/* Begin XCBuildConfiguration section */
		968208AD2A2FBAAC007783AC /* Debug */ = {
			isa = XCBuildConfiguration;
			buildSettings = {
				ALWAYS_SEARCH_USER_PATHS = NO;
				CLANG_ANALYZER_NONNULL = YES;
				CLANG_ANALYZER_NUMBER_OBJECT_CONVERSION = YES_AGGRESSIVE;
				CLANG_CXX_LANGUAGE_STANDARD = "gnu++20";
				CLANG_ENABLE_MODULES = YES;
				CLANG_ENABLE_OBJC_ARC = YES;
				CLANG_ENABLE_OBJC_WEAK = YES;
				CLANG_WARN_BLOCK_CAPTURE_AUTORELEASING = YES;
				CLANG_WARN_BOOL_CONVERSION = YES;
				CLANG_WARN_COMMA = YES;
				CLANG_WARN_CONSTANT_CONVERSION = YES;
				CLANG_WARN_DEPRECATED_OBJC_IMPLEMENTATIONS = YES;
				CLANG_WARN_DIRECT_OBJC_ISA_USAGE = YES_ERROR;
				CLANG_WARN_DOCUMENTATION_COMMENTS = YES;
				CLANG_WARN_EMPTY_BODY = YES;
				CLANG_WARN_ENUM_CONVERSION = YES;
				CLANG_WARN_INFINITE_RECURSION = YES;
				CLANG_WARN_INT_CONVERSION = YES;
				CLANG_WARN_NON_LITERAL_NULL_CONVERSION = YES;
				CLANG_WARN_OBJC_IMPLICIT_RETAIN_SELF = YES;
				CLANG_WARN_OBJC_LITERAL_CONVERSION = YES;
				CLANG_WARN_OBJC_ROOT_CLASS = YES_ERROR;
				CLANG_WARN_QUOTED_INCLUDE_IN_FRAMEWORK_HEADER = YES;
				CLANG_WARN_RANGE_LOOP_ANALYSIS = YES;
				CLANG_WARN_STRICT_PROTOTYPES = YES;
				CLANG_WARN_SUSPICIOUS_MOVE = YES;
				CLANG_WARN_UNGUARDED_AVAILABILITY = YES_AGGRESSIVE;
				CLANG_WARN_UNREACHABLE_CODE = YES;
				CLANG_WARN__DUPLICATE_METHOD_MATCH = YES;
				COPY_PHASE_STRIP = NO;
				DEBUG_INFORMATION_FORMAT = dwarf;
				ENABLE_STRICT_OBJC_MSGSEND = YES;
				ENABLE_TESTABILITY = YES;
				GCC_C_LANGUAGE_STANDARD = gnu11;
				GCC_DYNAMIC_NO_PIC = NO;
				GCC_NO_COMMON_BLOCKS = YES;
				GCC_OPTIMIZATION_LEVEL = 0;
				GCC_PREPROCESSOR_DEFINITIONS = (
					"DEBUG=1",
					"$(inherited)",
				);
				GCC_WARN_64_TO_32_BIT_CONVERSION = YES;
				GCC_WARN_ABOUT_RETURN_TYPE = YES_ERROR;
				GCC_WARN_UNDECLARED_SELECTOR = YES;
				GCC_WARN_UNINITIALIZED_AUTOS = YES_AGGRESSIVE;
				GCC_WARN_UNUSED_FUNCTION = YES;
				GCC_WARN_UNUSED_VARIABLE = YES;
				MTL_ENABLE_DEBUG_INFO = INCLUDE_SOURCE;
				MTL_FAST_MATH = YES;
				ONLY_ACTIVE_ARCH = YES;
				SWIFT_ACTIVE_COMPILATION_CONDITIONS = DEBUG;
				SWIFT_OPTIMIZATION_LEVEL = "-Onone";
			};
			name = Debug;
		};
		968208AE2A2FBAAC007783AC /* Release */ = {
			isa = XCBuildConfiguration;
			buildSettings = {
				ALWAYS_SEARCH_USER_PATHS = NO;
				CLANG_ANALYZER_NONNULL = YES;
				CLANG_ANALYZER_NUMBER_OBJECT_CONVERSION = YES_AGGRESSIVE;
				CLANG_CXX_LANGUAGE_STANDARD = "gnu++20";
				CLANG_ENABLE_MODULES = YES;
				CLANG_ENABLE_OBJC_ARC = YES;
				CLANG_ENABLE_OBJC_WEAK = YES;
				CLANG_WARN_BLOCK_CAPTURE_AUTORELEASING = YES;
				CLANG_WARN_BOOL_CONVERSION = YES;
				CLANG_WARN_COMMA = YES;
				CLANG_WARN_CONSTANT_CONVERSION = YES;
				CLANG_WARN_DEPRECATED_OBJC_IMPLEMENTATIONS = YES;
				CLANG_WARN_DIRECT_OBJC_ISA_USAGE = YES_ERROR;
				CLANG_WARN_DOCUMENTATION_COMMENTS = YES;
				CLANG_WARN_EMPTY_BODY = YES;
				CLANG_WARN_ENUM_CONVERSION = YES;
				CLANG_WARN_INFINITE_RECURSION = YES;
				CLANG_WARN_INT_CONVERSION = YES;
				CLANG_WARN_NON_LITERAL_NULL_CONVERSION = YES;
				CLANG_WARN_OBJC_IMPLICIT_RETAIN_SELF = YES;
				CLANG_WARN_OBJC_LITERAL_CONVERSION = YES;
				CLANG_WARN_OBJC_ROOT_CLASS = YES_ERROR;
				CLANG_WARN_QUOTED_INCLUDE_IN_FRAMEWORK_HEADER = YES;
				CLANG_WARN_RANGE_LOOP_ANALYSIS = YES;
				CLANG_WARN_STRICT_PROTOTYPES = YES;
				CLANG_WARN_SUSPICIOUS_MOVE = YES;
				CLANG_WARN_UNGUARDED_AVAILABILITY = YES_AGGRESSIVE;
				CLANG_WARN_UNREACHABLE_CODE = YES;
				CLANG_WARN__DUPLICATE_METHOD_MATCH = YES;
				COPY_PHASE_STRIP = NO;
				DEBUG_INFORMATION_FORMAT = "dwarf-with-dsym";
				ENABLE_NS_ASSERTIONS = NO;
				ENABLE_STRICT_OBJC_MSGSEND = YES;
				GCC_C_LANGUAGE_STANDARD = gnu11;
				GCC_NO_COMMON_BLOCKS = YES;
				GCC_WARN_64_TO_32_BIT_CONVERSION = YES;
				GCC_WARN_ABOUT_RETURN_TYPE = YES_ERROR;
				GCC_WARN_UNDECLARED_SELECTOR = YES;
				GCC_WARN_UNINITIALIZED_AUTOS = YES_AGGRESSIVE;
				GCC_WARN_UNUSED_FUNCTION = YES;
				GCC_WARN_UNUSED_VARIABLE = YES;
				MTL_ENABLE_DEBUG_INFO = NO;
				MTL_FAST_MATH = YES;
				SWIFT_COMPILATION_MODE = wholemodule;
				SWIFT_OPTIMIZATION_LEVEL = "-O";
			};
			name = Release;
		};
		968208B02A2FBAAC007783AC /* Debug */ = {
			isa = XCBuildConfiguration;
			buildSettings = {
				ASSETCATALOG_COMPILER_APPICON_NAME = AppIcon;
				ASSETCATALOG_COMPILER_GLOBAL_ACCENT_COLOR_NAME = AccentColor;
				CODE_SIGN_ENTITLEMENTS = GildedRose/GildedRose.entitlements;
				CODE_SIGN_STYLE = Automatic;
				CURRENT_PROJECT_VERSION = 1;
				DEVELOPMENT_ASSET_PATHS = "\"GildedRose/Preview Content\"";
				ENABLE_PREVIEWS = YES;
				GENERATE_INFOPLIST_FILE = YES;
				"INFOPLIST_KEY_UIApplicationSceneManifest_Generation[sdk=iphoneos*]" = YES;
				"INFOPLIST_KEY_UIApplicationSceneManifest_Generation[sdk=iphonesimulator*]" = YES;
				"INFOPLIST_KEY_UIApplicationSupportsIndirectInputEvents[sdk=iphoneos*]" = YES;
				"INFOPLIST_KEY_UIApplicationSupportsIndirectInputEvents[sdk=iphonesimulator*]" = YES;
				"INFOPLIST_KEY_UILaunchScreen_Generation[sdk=iphoneos*]" = YES;
				"INFOPLIST_KEY_UILaunchScreen_Generation[sdk=iphonesimulator*]" = YES;
				"INFOPLIST_KEY_UIStatusBarStyle[sdk=iphoneos*]" = UIStatusBarStyleDefault;
				"INFOPLIST_KEY_UIStatusBarStyle[sdk=iphonesimulator*]" = UIStatusBarStyleDefault;
				INFOPLIST_KEY_UISupportedInterfaceOrientations_iPad = "UIInterfaceOrientationPortrait UIInterfaceOrientationPortraitUpsideDown UIInterfaceOrientationLandscapeLeft UIInterfaceOrientationLandscapeRight";
				INFOPLIST_KEY_UISupportedInterfaceOrientations_iPhone = "UIInterfaceOrientationPortrait UIInterfaceOrientationLandscapeLeft UIInterfaceOrientationLandscapeRight";
				IPHONEOS_DEPLOYMENT_TARGET = 16.4;
				LD_RUNPATH_SEARCH_PATHS = "@executable_path/Frameworks";
				"LD_RUNPATH_SEARCH_PATHS[sdk=macosx*]" = "@executable_path/../Frameworks";
				MACOSX_DEPLOYMENT_TARGET = 13.3;
				MARKETING_VERSION = 1.0;
				PRODUCT_BUNDLE_IDENTIFIER = com.mian.GildedRose;
				PRODUCT_NAME = "$(TARGET_NAME)";
				SDKROOT = auto;
				SUPPORTED_PLATFORMS = "iphoneos iphonesimulator macosx";
				SWIFT_EMIT_LOC_STRINGS = YES;
				SWIFT_VERSION = 5.0;
				TARGETED_DEVICE_FAMILY = "1,2";
			};
			name = Debug;
		};
		968208B12A2FBAAC007783AC /* Release */ = {
			isa = XCBuildConfiguration;
			buildSettings = {
				ASSETCATALOG_COMPILER_APPICON_NAME = AppIcon;
				ASSETCATALOG_COMPILER_GLOBAL_ACCENT_COLOR_NAME = AccentColor;
				CODE_SIGN_ENTITLEMENTS = GildedRose/GildedRose.entitlements;
				CODE_SIGN_STYLE = Automatic;
				CURRENT_PROJECT_VERSION = 1;
				DEVELOPMENT_ASSET_PATHS = "\"GildedRose/Preview Content\"";
				ENABLE_PREVIEWS = YES;
				GENERATE_INFOPLIST_FILE = YES;
				"INFOPLIST_KEY_UIApplicationSceneManifest_Generation[sdk=iphoneos*]" = YES;
				"INFOPLIST_KEY_UIApplicationSceneManifest_Generation[sdk=iphonesimulator*]" = YES;
				"INFOPLIST_KEY_UIApplicationSupportsIndirectInputEvents[sdk=iphoneos*]" = YES;
				"INFOPLIST_KEY_UIApplicationSupportsIndirectInputEvents[sdk=iphonesimulator*]" = YES;
				"INFOPLIST_KEY_UILaunchScreen_Generation[sdk=iphoneos*]" = YES;
				"INFOPLIST_KEY_UILaunchScreen_Generation[sdk=iphonesimulator*]" = YES;
				"INFOPLIST_KEY_UIStatusBarStyle[sdk=iphoneos*]" = UIStatusBarStyleDefault;
				"INFOPLIST_KEY_UIStatusBarStyle[sdk=iphonesimulator*]" = UIStatusBarStyleDefault;
				INFOPLIST_KEY_UISupportedInterfaceOrientations_iPad = "UIInterfaceOrientationPortrait UIInterfaceOrientationPortraitUpsideDown UIInterfaceOrientationLandscapeLeft UIInterfaceOrientationLandscapeRight";
				INFOPLIST_KEY_UISupportedInterfaceOrientations_iPhone = "UIInterfaceOrientationPortrait UIInterfaceOrientationLandscapeLeft UIInterfaceOrientationLandscapeRight";
				IPHONEOS_DEPLOYMENT_TARGET = 16.4;
				LD_RUNPATH_SEARCH_PATHS = "@executable_path/Frameworks";
				"LD_RUNPATH_SEARCH_PATHS[sdk=macosx*]" = "@executable_path/../Frameworks";
				MACOSX_DEPLOYMENT_TARGET = 13.3;
				MARKETING_VERSION = 1.0;
				PRODUCT_BUNDLE_IDENTIFIER = com.mian.GildedRose;
				PRODUCT_NAME = "$(TARGET_NAME)";
				SDKROOT = auto;
				SUPPORTED_PLATFORMS = "iphoneos iphonesimulator macosx";
				SWIFT_EMIT_LOC_STRINGS = YES;
				SWIFT_VERSION = 5.0;
				TARGETED_DEVICE_FAMILY = "1,2";
			};
			name = Release;
		};
		968208B32A2FBAAC007783AC /* Debug */ = {
			isa = XCBuildConfiguration;
			buildSettings = {
				ALWAYS_EMBED_SWIFT_STANDARD_LIBRARIES = YES;
				BUNDLE_LOADER = "$(TEST_HOST)";
				CODE_SIGN_STYLE = Automatic;
				CURRENT_PROJECT_VERSION = 1;
				GENERATE_INFOPLIST_FILE = YES;
				IPHONEOS_DEPLOYMENT_TARGET = 16.4;
				MACOSX_DEPLOYMENT_TARGET = 13.3;
				MARKETING_VERSION = 1.0;
				PRODUCT_BUNDLE_IDENTIFIER = com.mian.GildedRoseTests;
				PRODUCT_NAME = "$(TARGET_NAME)";
				SDKROOT = auto;
				SUPPORTED_PLATFORMS = "iphoneos iphonesimulator macosx";
				SWIFT_EMIT_LOC_STRINGS = NO;
				SWIFT_VERSION = 5.0;
				TARGETED_DEVICE_FAMILY = "1,2";
				TEST_HOST = "$(BUILT_PRODUCTS_DIR)/GildedRose.app/$(BUNDLE_EXECUTABLE_FOLDER_PATH)/GildedRose";
			};
			name = Debug;
		};
		968208B42A2FBAAC007783AC /* Release */ = {
			isa = XCBuildConfiguration;
			buildSettings = {
				ALWAYS_EMBED_SWIFT_STANDARD_LIBRARIES = YES;
				BUNDLE_LOADER = "$(TEST_HOST)";
				CODE_SIGN_STYLE = Automatic;
				CURRENT_PROJECT_VERSION = 1;
				GENERATE_INFOPLIST_FILE = YES;
				IPHONEOS_DEPLOYMENT_TARGET = 16.4;
				MACOSX_DEPLOYMENT_TARGET = 13.3;
				MARKETING_VERSION = 1.0;
				PRODUCT_BUNDLE_IDENTIFIER = com.mian.GildedRoseTests;
				PRODUCT_NAME = "$(TARGET_NAME)";
				SDKROOT = auto;
				SUPPORTED_PLATFORMS = "iphoneos iphonesimulator macosx";
				SWIFT_EMIT_LOC_STRINGS = NO;
				SWIFT_VERSION = 5.0;
				TARGETED_DEVICE_FAMILY = "1,2";
				TEST_HOST = "$(BUILT_PRODUCTS_DIR)/GildedRose.app/$(BUNDLE_EXECUTABLE_FOLDER_PATH)/GildedRose";
			};
			name = Release;
		};
		968208B62A2FBAAC007783AC /* Debug */ = {
			isa = XCBuildConfiguration;
			buildSettings = {
				ALWAYS_EMBED_SWIFT_STANDARD_LIBRARIES = YES;
				CODE_SIGN_STYLE = Automatic;
				CURRENT_PROJECT_VERSION = 1;
				GENERATE_INFOPLIST_FILE = YES;
				IPHONEOS_DEPLOYMENT_TARGET = 16.4;
				MACOSX_DEPLOYMENT_TARGET = 13.3;
				MARKETING_VERSION = 1.0;
				PRODUCT_BUNDLE_IDENTIFIER = com.mian.GildedRoseUITests;
				PRODUCT_NAME = "$(TARGET_NAME)";
				SDKROOT = auto;
				SUPPORTED_PLATFORMS = "iphoneos iphonesimulator macosx";
				SWIFT_EMIT_LOC_STRINGS = NO;
				SWIFT_VERSION = 5.0;
				TARGETED_DEVICE_FAMILY = "1,2";
				TEST_TARGET_NAME = GildedRose;
			};
			name = Debug;
		};
		968208B72A2FBAAC007783AC /* Release */ = {
			isa = XCBuildConfiguration;
			buildSettings = {
				ALWAYS_EMBED_SWIFT_STANDARD_LIBRARIES = YES;
				CODE_SIGN_STYLE = Automatic;
				CURRENT_PROJECT_VERSION = 1;
				GENERATE_INFOPLIST_FILE = YES;
				IPHONEOS_DEPLOYMENT_TARGET = 16.4;
				MACOSX_DEPLOYMENT_TARGET = 13.3;
				MARKETING_VERSION = 1.0;
				PRODUCT_BUNDLE_IDENTIFIER = com.mian.GildedRoseUITests;
				PRODUCT_NAME = "$(TARGET_NAME)";
				SDKROOT = auto;
				SUPPORTED_PLATFORMS = "iphoneos iphonesimulator macosx";
				SWIFT_EMIT_LOC_STRINGS = NO;
				SWIFT_VERSION = 5.0;
				TARGETED_DEVICE_FAMILY = "1,2";
				TEST_TARGET_NAME = GildedRose;
			};
			name = Release;
		};
/* End XCBuildConfiguration section */

/* Begin XCConfigurationList section */
		968208852A2FBAAA007783AC /* Build configuration list for PBXProject "GildedRose" */ = {
			isa = XCConfigurationList;
			buildConfigurations = (
				968208AD2A2FBAAC007783AC /* Debug */,
				968208AE2A2FBAAC007783AC /* Release */,
			);
			defaultConfigurationIsVisible = 0;
			defaultConfigurationName = Release;
		};
		968208AF2A2FBAAC007783AC /* Build configuration list for PBXNativeTarget "GildedRose" */ = {
			isa = XCConfigurationList;
			buildConfigurations = (
				968208B02A2FBAAC007783AC /* Debug */,
				968208B12A2FBAAC007783AC /* Release */,
			);
			defaultConfigurationIsVisible = 0;
			defaultConfigurationName = Release;
		};
		968208B22A2FBAAC007783AC /* Build configuration list for PBXNativeTarget "GildedRoseTests" */ = {
			isa = XCConfigurationList;
			buildConfigurations = (
				968208B32A2FBAAC007783AC /* Debug */,
				968208B42A2FBAAC007783AC /* Release */,
			);
			defaultConfigurationIsVisible = 0;
			defaultConfigurationName = Release;
		};
		968208B52A2FBAAC007783AC /* Build configuration list for PBXNativeTarget "GildedRoseUITests" */ = {
			isa = XCConfigurationList;
			buildConfigurations = (
				968208B62A2FBAAC007783AC /* Debug */,
				968208B72A2FBAAC007783AC /* Release */,
			);
			defaultConfigurationIsVisible = 0;
			defaultConfigurationName = Release;
		};
/* End XCConfigurationList section */
	};
	rootObject = 968208822A2FBAAA007783AC /* Project object */;
}
